
Microsoft Visual Studio Solution File, Format Version 12.00
# Visual Studio 15
Project("{FAE04EC0-301F-11D3-BF4B-00C04F79EFBC}") = "Assembly-CSharp", "Assembly-CSharp.csproj", "{D1C66D77-DDE4-6A07-0689-9875DBEAF438}"
EndProject
Global
	GlobalSection(SolutionConfigurationPlatforms) = preSolution
		Debug|Any CPU = Debug|Any CPU
		Release|Any CPU = Release|Any CPU
	EndGlobalSection
	GlobalSection(ProjectConfigurationPlatforms) = postSolution
		{D1C66D77-DDE4-6A07-0689-9875DBEAF438}.Debug|Any CPU.ActiveCfg = Debug|Any CPU
		{D1C66D77-DDE4-6A07-0689-9875DBEAF438}.Debug|Any CPU.Build.0 = Debug|Any CPU
		{D1C66D77-DDE4-6A07-0689-9875DBEAF438}.Release|Any CPU.ActiveCfg = Release|Any CPU
		{D1C66D77-DDE4-6A07-0689-9875DBEAF438}.Release|Any CPU.Build.0 = Release|Any CPU
	EndGlobalSection
	GlobalSection(SolutionProperties) = preSolution
		HideSolutionNode = FALSE
	EndGlobalSection
EndGlobal
